
Microsoft Visual Studio Solution File, Format Version 12.00
# Visual Studio 15
VisualStudioVersion = 15.0.27004.2009
MinimumVisualStudioVersion = 10.0.40219.1
Project("{FAE04EC0-301F-11D3-BF4B-00C04F79EFBC}") = "Encog NEAT TicTacToe Experiment", "Encog NEAT TicTacToe Experiment\Encog NEAT TicTacToe Experiment.csproj", "{BDE74609-0157-4FEB-A3BF-7EFDD5B75700}"
EndProject
Global
	GlobalSection(SolutionConfigurationPlatforms) = preSolution
		Debug|Any CPU = Debug|Any CPU
		Release|Any CPU = Release|Any CPU
	EndGlobalSection
	GlobalSection(ProjectConfigurationPlatforms) = postSolution
		{BDE74609-0157-4FEB-A3BF-7EFDD5B75700}.Debug|Any CPU.ActiveCfg = Debug|Any CPU
		{BDE74609-0157-4FEB-A3BF-7EFDD5B75700}.Debug|Any CPU.Build.0 = Debug|Any CPU
		{BDE74609-0157-4FEB-A3BF-7EFDD5B75700}.Release|Any CPU.ActiveCfg = Release|Any CPU
		{BDE74609-0157-4FEB-A3BF-7EFDD5B75700}.Release|Any CPU.Build.0 = Release|Any CPU
	EndGlobalSection
	GlobalSection(SolutionProperties) = preSolution
		HideSolutionNode = FALSE
	EndGlobalSection
	GlobalSection(ExtensibilityGlobals) = postSolution
		SolutionGuid = {051312BF-FC1A-4C79-8E80-2A374D35D7F4}
	EndGlobalSection
EndGlobal
